
Microsoft Visual Studio Solution File, Format Version 12.00
# Visual Studio Version 17
VisualStudioVersion = 17.7.34202.233
MinimumVisualStudioVersion = 10.0.40219.1
Project("{FAE04EC0-301F-11D3-BF4B-00C04F79EFBC}") = "Final Projext Group Project", "Final Projext Group Project\Final Projext Group Project.csproj", "{C67C966E-9534-4365-8E57-DC9F4BCE3BC9}"
EndProject
Global
	GlobalSection(SolutionConfigurationPlatforms) = preSolution
		Debug|Any CPU = Debug|Any CPU
		Release|Any CPU = Release|Any CPU
	EndGlobalSection
	GlobalSection(ProjectConfigurationPlatforms) = postSolution
		{C67C966E-9534-4365-8E57-DC9F4BCE3BC9}.Debug|Any CPU.ActiveCfg = Debug|Any CPU
		{C67C966E-9534-4365-8E57-DC9F4BCE3BC9}.Debug|Any CPU.Build.0 = Debug|Any CPU
		{C67C966E-9534-4365-8E57-DC9F4BCE3BC9}.Release|Any CPU.ActiveCfg = Release|Any CPU
		{C67C966E-9534-4365-8E57-DC9F4BCE3BC9}.Release|Any CPU.Build.0 = Release|Any CPU
	EndGlobalSection
	GlobalSection(SolutionProperties) = preSolution
		HideSolutionNode = FALSE
	EndGlobalSection
	GlobalSection(ExtensibilityGlobals) = postSolution
		SolutionGuid = {14579738-5C3D-4660-9129-E662B96EFCD7}
	EndGlobalSection
EndGlobal
